
Microsoft Visual Studio Solution File, Format Version 12.00
# Visual Studio Version 16
VisualStudioVersion = 16.0.31129.286
MinimumVisualStudioVersion = 10.0.40219.1
Project("{FAE04EC0-301F-11D3-BF4B-00C04F79EFBC}") = "OopII-Project", "OopII-Project\OopII-Project.csproj", "{D640FD47-B08A-4771-AE7D-E0CEA2847B8D}"
EndProject
Global
	GlobalSection(SolutionConfigurationPlatforms) = preSolution
		Debug|Any CPU = Debug|Any CPU
		Release|Any CPU = Release|Any CPU
	EndGlobalSection
	GlobalSection(ProjectConfigurationPlatforms) = postSolution
		{D640FD47-B08A-4771-AE7D-E0CEA2847B8D}.Debug|Any CPU.ActiveCfg = Debug|Any CPU
		{D640FD47-B08A-4771-AE7D-E0CEA2847B8D}.Debug|Any CPU.Build.0 = Debug|Any CPU
		{D640FD47-B08A-4771-AE7D-E0CEA2847B8D}.Release|Any CPU.ActiveCfg = Release|Any CPU
		{D640FD47-B08A-4771-AE7D-E0CEA2847B8D}.Release|Any CPU.Build.0 = Release|Any CPU
	EndGlobalSection
	GlobalSection(SolutionProperties) = preSolution
		HideSolutionNode = FALSE
	EndGlobalSection
	GlobalSection(ExtensibilityGlobals) = postSolution
		SolutionGuid = {FD0BE0E9-8B31-4749-AAFD-E3FED16AA80B}
	EndGlobalSection
EndGlobal
